<?xml version="1.0" encoding="utf-8"?>
<Project ToolsVersion="4.0" xmlns="http://schemas.microsoft.com/developer/msbuild/2003">
  <ItemGroup>
    <Filter Include="source">
      <UniqueIdentifier>{b87829a2-9fc5-4301-8d35-f268bf701640}</UniqueIdentifier>
    </Filter>
    <Filter Include="Includes">
      <UniqueIdentifier>{f6001354-2fa8-4bf8-ac6f-eaa107f5191d}</UniqueIdentifier>
    </Filter>
    <Filter Include="source\Resources">
      <UniqueIdentifier>{8f22e625-1271-43ee-8870-1dd2333f1b2a}</UniqueIdentifier>
    </Filter>
    <Filter Include="source\Rendering">
      <UniqueIdentifier>{f5ea82ee-437d-4229-a184-dcf43cc056c1}</UniqueIdentifier>
    </Filter>
    <Filter Include="source\FileSystem">
      <UniqueIdentifier>{0ec49fed-f5ea-43ad-b392-01ba523ee692}</UniqueIdentifier>
    </Filter>
    <Filter Include="source\Debugging">
      <UniqueIdentifier>{9a7e95be-a922-4fd8-9852-f3154ac9f740}</UniqueIdentifier>
    </Filter>
    <Filter Include="generated">
      <UniqueIdentifier>{53ee6bc4-ef3e-404a-b325-b09c0fb5594b}</UniqueIdentifier>
    </Filter>
    <Filter Include="source\windows">
      <UniqueIdentifier>{b16a8944-60c5-493c-bf58-4bc8ab73f2c1}</UniqueIdentifier>
    </Filter>
    <Filter Include="source\vulkan">
      <UniqueIdentifier>{c444b3b8-7636-4076-865b-e824888bc117}</UniqueIdentifier>
    </Filter>
    <Filter Include="source\ThirdParty">
      <UniqueIdentifier>{fc638e2e-8332-4b88-a5d3-b2a9781a9962}</UniqueIdentifier>
    </Filter>
    <Filter Include="source\ThirdParty\sdl">
      <UniqueIdentifier>{3c86b737-011a-4480-8dd0-cf7abf97a22c}</UniqueIdentifier>
    </Filter>
    <Filter Include="source\ThirdParty\zlib">
      <UniqueIdentifier>{98d49d2b-2ea8-4ff3-9849-09da0dbfc4ed}</UniqueIdentifier>
    </Filter>
    <Filter Include="source\ThirdParty\glm">
      <UniqueIdentifier>{aecc0621-9966-4744-8f4a-9ed5a7cd9cf2}</UniqueIdentifier>
    </Filter>
  </ItemGroup>
  <ItemGroup>
    <None Include="include\SDL_config.h.cmake">
      <Filter>source\ThirdParty\sdl</Filter>
    </None>
    <None Include="include\SDL_config.h.in">
      <Filter>source\ThirdParty\sdl</Filter>
    </None>
    <None Include="include\SDL_config_macosx.h.orig">
      <Filter>source\ThirdParty\sdl</Filter>
    </None>
  </ItemGroup>
  <ItemGroup>
    <ClInclude Include="source\MemBlock.h">
      <Filter>source</Filter>
    </ClInclude>
    <ClInclude Include="source\Neo.h">
      <Filter>source</Filter>
    </ClInclude>
    <ClInclude Include="source\Thread.h">
      <Filter>source</Filter>
    </ClInclude>
    <ClInclude Include="include\begin_code.h">
      <Filter>source\ThirdParty\sdl</Filter>
    </ClInclude>
    <ClInclude Include="include\close_code.h">
      <Filter>source\ThirdParty\sdl</Filter>
    </ClInclude>
    <ClInclude Include="include\SDL.h">
      <Filter>source\ThirdParty\sdl</Filter>
    </ClInclude>
    <ClInclude Include="include\SDL_assert.h">
      <Filter>source\ThirdParty\sdl</Filter>
    </ClInclude>
    <ClInclude Include="include\SDL_atomic.h">
      <Filter>source\ThirdParty\sdl</Filter>
    </ClInclude>
    <ClInclude Include="include\SDL_audio.h">
      <Filter>source\ThirdParty\sdl</Filter>
    </ClInclude>
    <ClInclude Include="include\SDL_bits.h">
      <Filter>source\ThirdParty\sdl</Filter>
    </ClInclude>
    <ClInclude Include="include\SDL_blendmode.h">
      <Filter>source\ThirdParty\sdl</Filter>
    </ClInclude>
    <ClInclude Include="include\SDL_clipboard.h">
      <Filter>source\ThirdParty\sdl</Filter>
    </ClInclude>
    <ClInclude Include="include\SDL_config.h">
      <Filter>source\ThirdParty\sdl</Filter>
    </ClInclude>
    <ClInclude Include="include\SDL_config_android.h">
      <Filter>source\ThirdParty\sdl</Filter>
    </ClInclude>
    <ClInclude Include="include\SDL_config_iphoneos.h">
      <Filter>source\ThirdParty\sdl</Filter>
    </ClInclude>
    <ClInclude Include="include\SDL_config_macosx.h">
      <Filter>source\ThirdParty\sdl</Filter>
    </ClInclude>
    <ClInclude Include="include\SDL_config_minimal.h">
      <Filter>source\ThirdParty\sdl</Filter>
    </ClInclude>
    <ClInclude Include="include\SDL_config_pandora.h">
      <Filter>source\ThirdParty\sdl</Filter>
    </ClInclude>
    <ClInclude Include="include\SDL_config_psp.h">
      <Filter>source\ThirdParty\sdl</Filter>
    </ClInclude>
    <ClInclude Include="include\SDL_config_windows.h">
      <Filter>source\ThirdParty\sdl</Filter>
    </ClInclude>
    <ClInclude Include="include\SDL_config_winrt.h">
      <Filter>source\ThirdParty\sdl</Filter>
    </ClInclude>
    <ClInclude Include="include\SDL_config_wiz.h">
      <Filter>source\ThirdParty\sdl</Filter>
    </ClInclude>
    <ClInclude Include="include\SDL_copying.h">
      <Filter>source\ThirdParty\sdl</Filter>
    </ClInclude>
    <ClInclude Include="include\SDL_cpuinfo.h">
      <Filter>source\ThirdParty\sdl</Filter>
    </ClInclude>
    <ClInclude Include="include\SDL_egl.h">
      <Filter>source\ThirdParty\sdl</Filter>
    </ClInclude>
    <ClInclude Include="include\SDL_endian.h">
      <Filter>source\ThirdParty\sdl</Filter>
    </ClInclude>
    <ClInclude Include="include\SDL_error.h">
      <Filter>source\ThirdParty\sdl</Filter>
    </ClInclude>
    <ClInclude Include="include\SDL_events.h">
      <Filter>source\ThirdParty\sdl</Filter>
    </ClInclude>
    <ClInclude Include="include\SDL_filesystem.h">
      <Filter>source\ThirdParty\sdl</Filter>
    </ClInclude>
    <ClInclude Include="include\SDL_gamecontroller.h">
      <Filter>source\ThirdParty\sdl</Filter>
    </ClInclude>
    <ClInclude Include="include\SDL_gesture.h">
      <Filter>source\ThirdParty\sdl</Filter>
    </ClInclude>
    <ClInclude Include="include\SDL_guid.h">
      <Filter>source\ThirdParty\sdl</Filter>
    </ClInclude>
    <ClInclude Include="include\SDL_haptic.h">
      <Filter>source\ThirdParty\sdl</Filter>
    </ClInclude>
    <ClInclude Include="include\SDL_hidapi.h">
      <Filter>source\ThirdParty\sdl</Filter>
    </ClInclude>
    <ClInclude Include="include\SDL_hints.h">
      <Filter>source\ThirdParty\sdl</Filter>
    </ClInclude>
    <ClInclude Include="include\SDL_joystick.h">
      <Filter>source\ThirdParty\sdl</Filter>
    </ClInclude>
    <ClInclude Include="include\SDL_keyboard.h">
      <Filter>source\ThirdParty\sdl</Filter>
    </ClInclude>
    <ClInclude Include="include\SDL_keycode.h">
      <Filter>source\ThirdParty\sdl</Filter>
    </ClInclude>
    <ClInclude Include="include\SDL_loadso.h">
      <Filter>source\ThirdParty\sdl</Filter>
    </ClInclude>
    <ClInclude Include="include\SDL_locale.h">
      <Filter>source\ThirdParty\sdl</Filter>
    </ClInclude>
    <ClInclude Include="include\SDL_log.h">
      <Filter>source\ThirdParty\sdl</Filter>
    </ClInclude>
    <ClInclude Include="include\SDL_main.h">
      <Filter>source\ThirdParty\sdl</Filter>
    </ClInclude>
    <ClInclude Include="include\SDL_messagebox.h">
      <Filter>source\ThirdParty\sdl</Filter>
    </ClInclude>
    <ClInclude Include="include\SDL_metal.h">
      <Filter>source\ThirdParty\sdl</Filter>
    </ClInclude>
    <ClInclude Include="include\SDL_misc.h">
      <Filter>source\ThirdParty\sdl</Filter>
    </ClInclude>
    <ClInclude Include="include\SDL_mouse.h">
      <Filter>source\ThirdParty\sdl</Filter>
    </ClInclude>
    <ClInclude Include="include\SDL_mutex.h">
      <Filter>source\ThirdParty\sdl</Filter>
    </ClInclude>
    <ClInclude Include="include\SDL_name.h">
      <Filter>source\ThirdParty\sdl</Filter>
    </ClInclude>
    <ClInclude Include="include\SDL_opengl.h">
      <Filter>source\ThirdParty\sdl</Filter>
    </ClInclude>
    <ClInclude Include="include\SDL_opengl_glext.h">
      <Filter>source\ThirdParty\sdl</Filter>
    </ClInclude>
    <ClInclude Include="include\SDL_opengles.h">
      <Filter>source\ThirdParty\sdl</Filter>
    </ClInclude>
    <ClInclude Include="include\SDL_opengles2.h">
      <Filter>source\ThirdParty\sdl</Filter>
    </ClInclude>
    <ClInclude Include="include\SDL_opengles2_gl2.h">
      <Filter>source\ThirdParty\sdl</Filter>
    </ClInclude>
    <ClInclude Include="include\SDL_opengles2_gl2ext.h">
      <Filter>source\ThirdParty\sdl</Filter>
    </ClInclude>
    <ClInclude Include="include\SDL_opengles2_gl2platform.h">
      <Filter>source\ThirdParty\sdl</Filter>
    </ClInclude>
    <ClInclude Include="include\SDL_opengles2_khrplatform.h">
      <Filter>source\ThirdParty\sdl</Filter>
    </ClInclude>
    <ClInclude Include="include\SDL_pixels.h">
      <Filter>source\ThirdParty\sdl</Filter>
    </ClInclude>
    <ClInclude Include="include\SDL_platform.h">
      <Filter>source\ThirdParty\sdl</Filter>
    </ClInclude>
    <ClInclude Include="include\SDL_power.h">
      <Filter>source\ThirdParty\sdl</Filter>
    </ClInclude>
    <ClInclude Include="include\SDL_quit.h">
      <Filter>source\ThirdParty\sdl</Filter>
    </ClInclude>
    <ClInclude Include="include\SDL_rect.h">
      <Filter>source\ThirdParty\sdl</Filter>
    </ClInclude>
    <ClInclude Include="include\SDL_render.h">
      <Filter>source\ThirdParty\sdl</Filter>
    </ClInclude>
    <ClInclude Include="include\SDL_revision.h">
      <Filter>source\ThirdParty\sdl</Filter>
    </ClInclude>
    <ClInclude Include="include\SDL_rwops.h">
      <Filter>source\ThirdParty\sdl</Filter>
    </ClInclude>
    <ClInclude Include="include\SDL_scancode.h">
      <Filter>source\ThirdParty\sdl</Filter>
    </ClInclude>
    <ClInclude Include="include\SDL_sensor.h">
      <Filter>source\ThirdParty\sdl</Filter>
    </ClInclude>
    <ClInclude Include="include\SDL_shape.h">
      <Filter>source\ThirdParty\sdl</Filter>
    </ClInclude>
    <ClInclude Include="include\SDL_stdinc.h">
      <Filter>source\ThirdParty\sdl</Filter>
    </ClInclude>
    <ClInclude Include="include\SDL_surface.h">
      <Filter>source\ThirdParty\sdl</Filter>
    </ClInclude>
    <ClInclude Include="include\SDL_system.h">
      <Filter>source\ThirdParty\sdl</Filter>
    </ClInclude>
    <ClInclude Include="include\SDL_syswm.h">
      <Filter>source\ThirdParty\sdl</Filter>
    </ClInclude>
    <ClInclude Include="include\SDL_test.h">
      <Filter>source\ThirdParty\sdl</Filter>
    </ClInclude>
    <ClInclude Include="include\SDL_test_assert.h">
      <Filter>source\ThirdParty\sdl</Filter>
    </ClInclude>
    <ClInclude Include="include\SDL_test_common.h">
      <Filter>source\ThirdParty\sdl</Filter>
    </ClInclude>
    <ClInclude Include="include\SDL_test_compare.h">
      <Filter>source\ThirdParty\sdl</Filter>
    </ClInclude>
    <ClInclude Include="include\SDL_test_crc32.h">
      <Filter>source\ThirdParty\sdl</Filter>
    </ClInclude>
    <ClInclude Include="include\SDL_test_font.h">
      <Filter>source\ThirdParty\sdl</Filter>
    </ClInclude>
    <ClInclude Include="include\SDL_test_fuzzer.h">
      <Filter>source\ThirdParty\sdl</Filter>
    </ClInclude>
    <ClInclude Include="include\SDL_test_harness.h">
      <Filter>source\ThirdParty\sdl</Filter>
    </ClInclude>
    <ClInclude Include="include\SDL_test_images.h">
      <Filter>source\ThirdParty\sdl</Filter>
    </ClInclude>
    <ClInclude Include="include\SDL_test_log.h">
      <Filter>source\ThirdParty\sdl</Filter>
    </ClInclude>
    <ClInclude Include="include\SDL_test_md5.h">
      <Filter>source\ThirdParty\sdl</Filter>
    </ClInclude>
    <ClInclude Include="include\SDL_test_memory.h">
      <Filter>source\ThirdParty\sdl</Filter>
    </ClInclude>
    <ClInclude Include="include\SDL_test_random.h">
      <Filter>source\ThirdParty\sdl</Filter>
    </ClInclude>
    <ClInclude Include="include\SDL_thread.h">
      <Filter>source\ThirdParty\sdl</Filter>
    </ClInclude>
    <ClInclude Include="include\SDL_timer.h">
      <Filter>source\ThirdParty\sdl</Filter>
    </ClInclude>
    <ClInclude Include="include\SDL_touch.h">
      <Filter>source\ThirdParty\sdl</Filter>
    </ClInclude>
    <ClInclude Include="include\SDL_ttf.h">
      <Filter>source\ThirdParty\sdl</Filter>
    </ClInclude>
    <ClInclude Include="include\SDL_types.h">
      <Filter>source\ThirdParty\sdl</Filter>
    </ClInclude>
    <ClInclude Include="include\SDL_version.h">
      <Filter>source\ThirdParty\sdl</Filter>
    </ClInclude>
    <ClInclude Include="include\SDL_video.h">
      <Filter>source\ThirdParty\sdl</Filter>
    </ClInclude>
    <ClInclude Include="include\SDL_vulkan.h">
      <Filter>source\ThirdParty\sdl</Filter>
    </ClInclude>
    <ClInclude Include="source\MathUtils.h">
      <Filter>source</Filter>
    </ClInclude>
    <ClInclude Include="include\stb_image.h">
      <Filter>source\ThirdParty</Filter>
    </ClInclude>
    <ClInclude Include="include\tiny_obj_loader.h">
      <Filter>source\ThirdParty</Filter>
    </ClInclude>
    <ClInclude Include="source\StringUtils.h">
      <Filter>source</Filter>
    </ClInclude>
    <ClInclude Include="source\Memory.h">
      <Filter>source</Filter>
    </ClInclude>
    <ClInclude Include="source\TimeManager.h">
      <Filter>source</Filter>
    </ClInclude>
    <ClInclude Include="source\Texture.h">
      <Filter>source\Resources</Filter>
    </ClInclude>
    <ClInclude Include="source\FileExcludes.h">
      <Filter>source\FileSystem</Filter>
    </ClInclude>
    <ClInclude Include="source\FileManager.h">
      <Filter>source\FileSystem</Filter>
    </ClInclude>
    <ClInclude Include="source\FileSystem.h">
      <Filter>source\FileSystem</Filter>
    </ClInclude>
    <ClInclude Include="source\FileSystem_FlatArchive.h">
      <Filter>source\FileSystem</Filter>
    </ClInclude>
    <ClInclude Include="source\FileSystem_FlatFolder.h">
      <Filter>source\FileSystem</Filter>
    </ClInclude>
    <ClInclude Include="source\FileSystem_RawAccess.h">
      <Filter>source\FileSystem</Filter>
    </ClInclude>
    <ClInclude Include="source\Resource.h">
      <Filter>source\Resources</Filter>
    </ClInclude>
    <ClInclude Include="source\AssetManager.h">
      <Filter>source\Resources</Filter>
    </ClInclude>
    <ClInclude Include="source\ResourceFactory.h">
      <Filter>source\Resources</Filter>
    </ClInclude>
    <ClInclude Include="source\ResourceRef.h">
      <Filter>source\Resources</Filter>
    </ClInclude>
    <ClInclude Include="source\Serializer.h">
      <Filter>source</Filter>
    </ClInclude>
    <ClInclude Include="source\Module.h">
      <Filter>source</Filter>
    </ClInclude>
    <ClInclude Include="source\GIL.h">
      <Filter>source\Rendering</Filter>
    </ClInclude>
    <ClInclude Include="source\RenderThread.h">
      <Filter>source\Rendering</Filter>
    </ClInclude>
    <ClInclude Include="source\Material.h">
      <Filter>source\Resources</Filter>
    </ClInclude>
    <ClInclude Include="source\ResourceLoadedManager.h">
      <Filter>source\Resources</Filter>
    </ClInclude>
    <ClInclude Include="source\SHAD.h">
      <Filter>source\Resources</Filter>
    </ClInclude>
    <ClInclude Include="source\StaticMesh.h">
      <Filter>source\Resources</Filter>
    </ClInclude>
    <ClInclude Include="source\View.h">
      <Filter>source\Rendering</Filter>
    </ClInclude>
    <ClInclude Include="source\DefDynamicRenderer.h">
      <Filter>source\Rendering</Filter>
    </ClInclude>
    <ClInclude Include="source\BitmapFont.h">
      <Filter>source\Resources</Filter>
    </ClInclude>
    <ClInclude Include="source\ImmDynamicRenderer.h">
      <Filter>source\Rendering</Filter>
    </ClInclude>
    <ClInclude Include="source\Shader.h">
      <Filter>source\Resources</Filter>
    </ClInclude>
    <ClInclude Include="source\ShaderManager.h">
      <Filter>source\Rendering</Filter>
    </ClInclude>
    <ClInclude Include="source\Log.h">
      <Filter>source\Debugging</Filter>
    </ClInclude>
    <ClInclude Include="source\CmdLineVar.h">
      <Filter>source\Debugging</Filter>
    </ClInclude>
    <ClInclude Include="source\Profiler.h">
      <Filter>source\Debugging</Filter>
    </ClInclude>
    <ClInclude Include="source\RenderPass.h">
      <Filter>source\Resources</Filter>
    </ClInclude>
    <ClInclude Include="source\RenderScene.h">
      <Filter>source\Resources</Filter>
    </ClInclude>
    <ClInclude Include="source\Reflection.h">
      <Filter>source</Filter>
    </ClInclude>
    <ClInclude Include="generated\reflect.h">
      <Filter>generated</Filter>
    </ClInclude>
    <ClInclude Include="source\Vulkan\GIL_Vulkan.h">
      <Filter>source\vulkan</Filter>
    </ClInclude>
    <ClInclude Include="source\Vulkan\PlatformData_Vulkan.h">
      <Filter>source\vulkan</Filter>
    </ClInclude>
    <ClInclude Include="source\Windows\PIL_Windows.h">
      <Filter>source\windows</Filter>
    </ClInclude>
    <ClInclude Include="source\PIL.h">
      <Filter>source</Filter>
    </ClInclude>
    <ClInclude Include="source\ThirdParty\glm\common.hpp">
      <Filter>source\ThirdParty\glm</Filter>
    </ClInclude>
    <ClInclude Include="source\ThirdParty\glm\exponential.hpp">
      <Filter>source\ThirdParty\glm</Filter>
    </ClInclude>
    <ClInclude Include="source\ThirdParty\glm\ext.hpp">
      <Filter>source\ThirdParty\glm</Filter>
    </ClInclude>
    <ClInclude Include="source\ThirdParty\glm\fwd.hpp">
      <Filter>source\ThirdParty\glm</Filter>
    </ClInclude>
    <ClInclude Include="source\ThirdParty\glm\geometric.hpp">
      <Filter>source\ThirdParty\glm</Filter>
    </ClInclude>
    <ClInclude Include="source\ThirdParty\glm\glm.hpp">
      <Filter>source\ThirdParty\glm</Filter>
    </ClInclude>
    <ClInclude Include="source\ThirdParty\glm\integer.hpp">
      <Filter>source\ThirdParty\glm</Filter>
    </ClInclude>
    <ClInclude Include="source\ThirdParty\glm\mat2x2.hpp">
      <Filter>source\ThirdParty\glm</Filter>
    </ClInclude>
    <ClInclude Include="source\ThirdParty\glm\mat2x3.hpp">
      <Filter>source\ThirdParty\glm</Filter>
    </ClInclude>
    <ClInclude Include="source\ThirdParty\glm\mat2x4.hpp">
      <Filter>source\ThirdParty\glm</Filter>
    </ClInclude>
    <ClInclude Include="source\ThirdParty\glm\mat3x2.hpp">
      <Filter>source\ThirdParty\glm</Filter>
    </ClInclude>
    <ClInclude Include="source\ThirdParty\glm\mat3x3.hpp">
      <Filter>source\ThirdParty\glm</Filter>
    </ClInclude>
    <ClInclude Include="source\ThirdParty\glm\mat3x4.hpp">
      <Filter>source\ThirdParty\glm</Filter>
    </ClInclude>
    <ClInclude Include="source\ThirdParty\glm\mat4x2.hpp">
      <Filter>source\ThirdParty\glm</Filter>
    </ClInclude>
    <ClInclude Include="source\ThirdParty\glm\mat4x3.hpp">
      <Filter>source\ThirdParty\glm</Filter>
    </ClInclude>
    <ClInclude Include="source\ThirdParty\glm\mat4x4.hpp">
      <Filter>source\ThirdParty\glm</Filter>
    </ClInclude>
    <ClInclude Include="source\ThirdParty\glm\matrix.hpp">
      <Filter>source\ThirdParty\glm</Filter>
    </ClInclude>
    <ClInclude Include="source\ThirdParty\glm\packing.hpp">
      <Filter>source\ThirdParty\glm</Filter>
    </ClInclude>
    <ClInclude Include="source\ThirdParty\glm\trigonometric.hpp">
      <Filter>source\ThirdParty\glm</Filter>
    </ClInclude>
    <ClInclude Include="source\ThirdParty\glm\vec2.hpp">
      <Filter>source\ThirdParty\glm</Filter>
    </ClInclude>
    <ClInclude Include="source\ThirdParty\glm\vec3.hpp">
      <Filter>source\ThirdParty\glm</Filter>
    </ClInclude>
    <ClInclude Include="source\ThirdParty\glm\vec4.hpp">
      <Filter>source\ThirdParty\glm</Filter>
    </ClInclude>
    <ClInclude Include="source\ThirdParty\glm\vector_relational.hpp">
      <Filter>source\ThirdParty\glm</Filter>
    </ClInclude>
    <ClInclude Include="source\ThirdParty\zlib\crc32.h">
      <Filter>source\ThirdParty\zlib</Filter>
    </ClInclude>
    <ClInclude Include="source\ThirdParty\zlib\deflate.h">
      <Filter>source\ThirdParty\zlib</Filter>
    </ClInclude>
    <ClInclude Include="source\ThirdParty\zlib\inffast.h">
      <Filter>source\ThirdParty\zlib</Filter>
    </ClInclude>
    <ClInclude Include="source\ThirdParty\zlib\inffixed.h">
      <Filter>source\ThirdParty\zlib</Filter>
    </ClInclude>
    <ClInclude Include="source\ThirdParty\zlib\inflate.h">
      <Filter>source\ThirdParty\zlib</Filter>
    </ClInclude>
    <ClInclude Include="source\ThirdParty\zlib\inftrees.h">
      <Filter>source\ThirdParty\zlib</Filter>
    </ClInclude>
    <ClInclude Include="source\ThirdParty\zlib\trees.h">
      <Filter>source\ThirdParty\zlib</Filter>
    </ClInclude>
    <ClInclude Include="source\ThirdParty\zlib\zconf.h">
      <Filter>source\ThirdParty\zlib</Filter>
    </ClInclude>
    <ClInclude Include="source\ThirdParty\zlib\zconf.in.h">
      <Filter>source\ThirdParty\zlib</Filter>
    </ClInclude>
    <ClInclude Include="source\ThirdParty\zlib\zlib.h">
      <Filter>source\ThirdParty\zlib</Filter>
    </ClInclude>
    <ClInclude Include="source\ThirdParty\zlib\zutil.h">
      <Filter>source\ThirdParty\zlib</Filter>
    </ClInclude>
  </ItemGroup>
  <ItemGroup>
    <ClCompile Include="source\Main.cpp">
      <Filter>source</Filter>
    </ClCompile>
    <ClCompile Include="source\MemBlock.cpp">
      <Filter>source</Filter>
    </ClCompile>
    <ClCompile Include="source\Thread.cpp">
      <Filter>source</Filter>
    </ClCompile>
    <ClCompile Include="source\StringUtils.cpp">
      <Filter>source</Filter>
    </ClCompile>
    <ClCompile Include="source\Memory.cpp">
      <Filter>source</Filter>
    </ClCompile>
    <ClCompile Include="source\Texture.cpp">
      <Filter>source\Resources</Filter>
    </ClCompile>
    <ClCompile Include="source\FileExcludes.cpp">
      <Filter>source\FileSystem</Filter>
    </ClCompile>
    <ClCompile Include="source\FileManager.cpp">
      <Filter>source\FileSystem</Filter>
    </ClCompile>
    <ClCompile Include="source\FileSystem_FlatArchive.cpp">
      <Filter>source\FileSystem</Filter>
    </ClCompile>
    <ClCompile Include="source\FileSystem_FlatFolder.cpp">
      <Filter>source\FileSystem</Filter>
    </ClCompile>
    <ClCompile Include="source\FileSystem_RawAccess.cpp">
      <Filter>source\FileSystem</Filter>
    </ClCompile>
    <ClCompile Include="source\AssetManager.cpp">
      <Filter>source\Resources</Filter>
    </ClCompile>
    <ClCompile Include="source\Serializer.cpp">
      <Filter>source</Filter>
    </ClCompile>
    <ClCompile Include="source\Module.cpp">
      <Filter>source</Filter>
    </ClCompile>
    <ClCompile Include="source\RenderThread.cpp">
      <Filter>source\Rendering</Filter>
    </ClCompile>
    <ClCompile Include="source\Material.cpp">
      <Filter>source\Resources</Filter>
    </ClCompile>
    <ClCompile Include="source\SHAD.cpp">
      <Filter>source\Resources</Filter>
    </ClCompile>
    <ClCompile Include="source\Resource.cpp">
      <Filter>source\Resources</Filter>
    </ClCompile>
    <ClCompile Include="source\ResourceLoadedManager.cpp">
      <Filter>source\Resources</Filter>
    </ClCompile>
    <ClCompile Include="source\StaticMesh.cpp">
      <Filter>source\Resources</Filter>
    </ClCompile>
    <ClCompile Include="source\View.cpp">
      <Filter>source\Rendering</Filter>
    </ClCompile>
    <ClCompile Include="source\TimeManager.cpp">
      <Filter>source</Filter>
    </ClCompile>
    <ClCompile Include="source\DefDynamicRenderer.cpp">
      <Filter>source\Rendering</Filter>
    </ClCompile>
    <ClCompile Include="source\BitmapFont.cpp">
      <Filter>source\Resources</Filter>
    </ClCompile>
    <ClCompile Include="source\ImmDynamicRenderer.cpp">
      <Filter>source\Rendering</Filter>
    </ClCompile>
    <ClCompile Include="source\Shader.cpp">
      <Filter>source\Resources</Filter>
    </ClCompile>
    <ClCompile Include="source\ShaderManager.cpp">
      <Filter>source\Rendering</Filter>
    </ClCompile>
    <ClCompile Include="source\Log.cpp">
      <Filter>source\Debugging</Filter>
    </ClCompile>
    <ClCompile Include="source\CmdLineVar.cpp">
      <Filter>source\Debugging</Filter>
    </ClCompile>
    <ClCompile Include="source\Profiler.cpp">
      <Filter>source\Debugging</Filter>
    </ClCompile>
    <ClCompile Include="source\RenderPass.cpp">
      <Filter>source\Resources</Filter>
    </ClCompile>
    <ClCompile Include="source\RenderScene.cpp">
      <Filter>source\Resources</Filter>
    </ClCompile>
    <ClCompile Include="generated\reflect.cpp">
      <Filter>generated</Filter>
    </ClCompile>
    <ClCompile Include="source\Reflection.cpp">
      <Filter>source</Filter>
    </ClCompile>
    <ClCompile Include="source\Vulkan\GIL_Vulkan.cpp">
      <Filter>source\vulkan</Filter>
    </ClCompile>
    <ClCompile Include="source\Vulkan\PlatformData_Vulkan.cpp">
      <Filter>source\vulkan</Filter>
    </ClCompile>
    <ClCompile Include="source\Windows\PIL_Windows.cpp">
      <Filter>source\windows</Filter>
    </ClCompile>
    <ClCompile Include="source\ThirdParty\zlib\adler32.c">
      <Filter>source\ThirdParty\zlib</Filter>
    </ClCompile>
    <ClCompile Include="source\ThirdParty\zlib\compress.c">
      <Filter>source\ThirdParty\zlib</Filter>
    </ClCompile>
    <ClCompile Include="source\ThirdParty\zlib\crc32.c">
      <Filter>source\ThirdParty\zlib</Filter>
    </ClCompile>
    <ClCompile Include="source\ThirdParty\zlib\deflate.c">
      <Filter>source\ThirdParty\zlib</Filter>
    </ClCompile>
    <ClCompile Include="source\ThirdParty\zlib\gzio.c">
      <Filter>source\ThirdParty\zlib</Filter>
    </ClCompile>
    <ClCompile Include="source\ThirdParty\zlib\infback.c">
      <Filter>source\ThirdParty\zlib</Filter>
    </ClCompile>
    <ClCompile Include="source\ThirdParty\zlib\inffast.c">
      <Filter>source\ThirdParty\zlib</Filter>
    </ClCompile>
    <ClCompile Include="source\ThirdParty\zlib\inflate.c">
      <Filter>source\ThirdParty\zlib</Filter>
    </ClCompile>
    <ClCompile Include="source\ThirdParty\zlib\inftrees.c">
      <Filter>source\ThirdParty\zlib</Filter>
    </ClCompile>
    <ClCompile Include="source\ThirdParty\zlib\trees.c">
      <Filter>source\ThirdParty\zlib</Filter>
    </ClCompile>
    <ClCompile Include="source\ThirdParty\zlib\uncompr.c">
      <Filter>source\ThirdParty\zlib</Filter>
    </ClCompile>
    <ClCompile Include="source\ThirdParty\zlib\zutil.c">
      <Filter>source\ThirdParty\zlib</Filter>
    </ClCompile>
  </ItemGroup>
  <ItemGroup>
    <Natvis Include="NatvisFile.natvis" />
  </ItemGroup>
  <ItemGroup>
    <Text Include="source\ThirdParty\glm\CMakeLists.txt">
      <Filter>source\ThirdParty\glm</Filter>
    </Text>
  </ItemGroup>
</Project>